<?xml version="1.0" encoding="UTF-8" standalone="yes" ?>
<CodeBlocks_project_file>
	<FileVersion major="1" minor="6" />
	<Project>
		<Option title="Algorithms" />
		<Option pch_mode="2" />
		<Option compiler="gcc" />
		<Build>
			<Target title="Debug">
				<Option output="bin/Debug/Algorithms" prefix_auto="1" extension_auto="1" />
				<Option object_output="obj/Debug/" />
				<Option type="1" />
				<Option compiler="gcc" />
				<Compiler>
					<Add option="-g" />
				</Compiler>
			</Target>
			<Target title="Release">
				<Option output="bin/Release/Algorithms" prefix_auto="1" extension_auto="1" />
				<Option object_output="obj/Release/" />
				<Option type="1" />
				<Option compiler="gcc" />
				<Compiler>
					<Add option="-O2" />
				</Compiler>
				<Linker>
					<Add option="-s" />
				</Linker>
			</Target>
		</Build>
		<Compiler>
			<Add option="-Wall" />
			<Add option="-fexceptions" />
		</Compiler>
		<Unit filename="Datastruct/Graph/APSP/FloydWarshall.cpp">
			<Option target="&lt;{~None~}&gt;" />
		</Unit>
		<Unit filename="Datastruct/Graph/APSP/Johnson.cpp">
			<Option target="&lt;{~None~}&gt;" />
		</Unit>
		<Unit filename="Datastruct/Graph/DAG/AOE.cpp">
			<Option target="&lt;{~None~}&gt;" />
		</Unit>
		<Unit filename="Datastruct/Graph/DAG/AOV.cpp">
			<Option target="&lt;{~None~}&gt;" />
		</Unit>
		<Unit filename="Datastruct/Graph/DAG/CriticalPath.cpp">
			<Option target="&lt;{~None~}&gt;" />
		</Unit>
		<Unit filename="Datastruct/Graph/DAG/TopologialSort.cpp">
			<Option target="&lt;{~None~}&gt;" />
		</Unit>
		<Unit filename="Datastruct/Graph/MST/Kruskal.cpp">
			<Option target="&lt;{~None~}&gt;" />
		</Unit>
		<Unit filename="Datastruct/Graph/MST/Prim.cpp">
			<Option target="&lt;{~None~}&gt;" />
		</Unit>
		<Unit filename="Datastruct/Graph/Property/ConnectivityCnt.cpp">
			<Option target="&lt;{~None~}&gt;" />
		</Unit>
		<Unit filename="Datastruct/Graph/Property/GraphDs_edge.cpp">
			<Option target="&lt;{~None~}&gt;" />
		</Unit>
		<Unit filename="Datastruct/Graph/Property/GraphDs_node.cpp">
			<Option target="&lt;{~None~}&gt;" />
		</Unit>
		<Unit filename="Datastruct/Graph/Property/LoopCnt.cpp">
			<Option target="&lt;{~None~}&gt;" />
		</Unit>
		<Unit filename="Datastruct/Graph/SSSP/BellmanFord.cpp">
			<Option target="&lt;{~None~}&gt;" />
		</Unit>
		<Unit filename="Datastruct/Graph/SSSP/Dijikstra.cpp">
			<Option target="&lt;{~None~}&gt;" />
		</Unit>
		<Unit filename="Datastruct/Graph/SSSP/SPFA.cpp">
			<Option target="Debug" />
		</Unit>
		<Unit filename="Datastruct/Graph/SSSP/SPFA_DFS.cpp">
			<Option target="&lt;{~None~}&gt;" />
		</Unit>
		<Unit filename="Datastruct/Graph/SSSP/SPFA_PriorityQueue.cpp">
			<Option target="&lt;{~None~}&gt;" />
		</Unit>
		<Unit filename="Datastruct/Graph/SSSP/SPFA_SLF_LLF.cpp">
			<Option target="&lt;{~None~}&gt;" />
		</Unit>
		<Unit filename="Datastruct/NumberArray/lowbit.cpp">
			<Option target="&lt;{~None~}&gt;" />
		</Unit>
		<Unit filename="Datastruct/String/KMP/KMPPPPP.cpp">
			<Option target="&lt;{~None~}&gt;" />
		</Unit>
		<Unit filename="Datastruct/String/KMP/aGlimpseOfKMP.cpp">
			<Option target="&lt;{~None~}&gt;" />
		</Unit>
		<Unit filename="Datastruct/String/KMP/code.cpp">
			<Option target="&lt;{~None~}&gt;" />
		</Unit>
		<Unit filename="Datastruct/String/KMP/daydayKMP.cpp">
			<Option target="&lt;{~None~}&gt;" />
		</Unit>
		<Unit filename="Datastruct/String/KMP/kmp.cpp">
			<Option target="&lt;{~None~}&gt;" />
		</Unit>
		<Unit filename="Datastruct/String/KMP/statisticsOfKMP.cpp">
			<Option target="&lt;{~None~}&gt;" />
		</Unit>
		<Unit filename="Datastruct/String/LCL.cpp">
			<Option target="&lt;{~None~}&gt;" />
		</Unit>
		<Unit filename="Datastruct/String/LSL.cpp">
			<Option target="&lt;{~None~}&gt;" />
		</Unit>
		<Unit filename="Datastruct/Tree/AVL.cpp">
			<Option target="&lt;{~None~}&gt;" />
		</Unit>
		<Unit filename="Datastruct/Tree/BST_oop.cpp">
			<Option target="&lt;{~None~}&gt;" />
		</Unit>
		<Unit filename="Datastruct/Tree/BST_oop_bad.cpp">
			<Option target="&lt;{~None~}&gt;" />
		</Unit>
		<Unit filename="Datastruct/Tree/BST_pop.cpp">
			<Option target="&lt;{~None~}&gt;" />
		</Unit>
		<Unit filename="Datastruct/Tree/BST_pop_bad.cpp">
			<Option target="&lt;{~None~}&gt;" />
		</Unit>
		<Unit filename="Datastruct/Tree/BTree.cpp">
			<Option target="&lt;{~None~}&gt;" />
		</Unit>
		<Unit filename="Datastruct/Tree/BminusTree.cpp">
			<Option target="&lt;{~None~}&gt;" />
		</Unit>
		<Unit filename="Datastruct/Tree/BplusTree.cpp">
			<Option target="&lt;{~None~}&gt;" />
		</Unit>
		<Unit filename="Datastruct/Tree/Heap.cpp">
			<Option target="&lt;{~None~}&gt;" />
		</Unit>
		<Unit filename="Datastruct/Tree/RedBlackTree.cpp">
			<Option target="&lt;{~None~}&gt;" />
		</Unit>
		<Unit filename="HammingCode/HammingCodeSrv-Optimized.cpp">
			<Option target="&lt;{~None~}&gt;" />
		</Unit>
		<Unit filename="HammingCode/HammingCodeSrv.cpp">
			<Option target="&lt;{~None~}&gt;" />
		</Unit>
		<Unit filename="Search/BFS.cpp">
			<Option target="&lt;{~None~}&gt;" />
		</Unit>
		<Unit filename="Search/DFS.cpp">
			<Option target="&lt;{~None~}&gt;" />
		</Unit>
		<Unit filename="highlightTest.cpp">
			<Option target="&lt;{~None~}&gt;" />
		</Unit>
		<Extensions>
			<lib_finder disable_auto="1" />
		</Extensions>
	</Project>
</CodeBlocks_project_file>
